
Microsoft Visual Studio Solution File, Format Version 12.00
# Visual Studio 15
Project("{FAE04EC0-301F-11D3-BF4B-00C04F79EFBC}") = "Assembly-CSharp", "Assembly-CSharp.csproj", "{CE30E3E1-05CC-9723-94E4-42F01EDDD551}"
EndProject
Project("{FAE04EC0-301F-11D3-BF4B-00C04F79EFBC}") = "Assembly-CSharp-Editor", "Assembly-CSharp-Editor.csproj", "{D6E1E368-6782-2CEE-5B9D-2AE8C51F6D8D}"
EndProject
Global
	GlobalSection(SolutionConfigurationPlatforms) = preSolution
		Debug|Any CPU = Debug|Any CPU
		Release|Any CPU = Release|Any CPU
	EndGlobalSection
	GlobalSection(ProjectConfigurationPlatforms) = postSolution
		{CE30E3E1-05CC-9723-94E4-42F01EDDD551}.Debug|Any CPU.ActiveCfg = Debug|Any CPU
		{CE30E3E1-05CC-9723-94E4-42F01EDDD551}.Debug|Any CPU.Build.0 = Debug|Any CPU
		{CE30E3E1-05CC-9723-94E4-42F01EDDD551}.Release|Any CPU.ActiveCfg = Release|Any CPU
		{CE30E3E1-05CC-9723-94E4-42F01EDDD551}.Release|Any CPU.Build.0 = Release|Any CPU
		{D6E1E368-6782-2CEE-5B9D-2AE8C51F6D8D}.Debug|Any CPU.ActiveCfg = Debug|Any CPU
		{D6E1E368-6782-2CEE-5B9D-2AE8C51F6D8D}.Debug|Any CPU.Build.0 = Debug|Any CPU
		{D6E1E368-6782-2CEE-5B9D-2AE8C51F6D8D}.Release|Any CPU.ActiveCfg = Release|Any CPU
		{D6E1E368-6782-2CEE-5B9D-2AE8C51F6D8D}.Release|Any CPU.Build.0 = Release|Any CPU
	EndGlobalSection
	GlobalSection(SolutionProperties) = preSolution
		HideSolutionNode = FALSE
	EndGlobalSection
EndGlobal
